// !$*UTF8*$!
{
	archiveVersion = 1;
	classes = {
	};
	objectVersion = 46;
	objects = {

/* Begin PBXBuildFile section */
		75CCABC91C7BCD8F0013F3EC /* AppDelegate.swift in Sources */ = {isa = PBXBuildFile; fileRef = 75CCABC81C7BCD8F0013F3EC /* AppDelegate.swift */; };
		75CCABCB1C7BCD8F0013F3EC /* ViewController.swift in Sources */ = {isa = PBXBuildFile; fileRef = 75CCABCA1C7BCD8F0013F3EC /* ViewController.swift */; };
		75CCABCE1C7BCD8F0013F3EC /* Main.storyboard in Resources */ = {isa = PBXBuildFile; fileRef = 75CCABCC1C7BCD8F0013F3EC /* Main.storyboard */; };
		75CCABD01C7BCD8F0013F3EC /* Assets.xcassets in Resources */ = {isa = PBXBuildFile; fileRef = 75CCABCF1C7BCD8F0013F3EC /* Assets.xcassets */; };
		75CCABD31C7BCD8F0013F3EC /* LaunchScreen.storyboard in Resources */ = {isa = PBXBuildFile; fileRef = 75CCABD11C7BCD8F0013F3EC /* LaunchScreen.storyboard */; };
/* End PBXBuildFile section */

/* Begin PBXFileReference section */
		75CCABC51C7BCD8E0013F3EC /* InstagramFromParse.app */ = {isa = PBXFileReference; explicitFileType = wrapper.application; includeInIndex = 0; path = InstagramFromParse.app; sourceTree = BUILT_PRODUCTS_DIR; };
		75CCABC81C7BCD8F0013F3EC /* AppDelegate.swift */ = {isa = PBXFileReference; lastKnownFileType = sourcecode.swift; path = AppDelegate.swift; sourceTree = "<group>"; };
		75CCABCA1C7BCD8F0013F3EC /* ViewController.swift */ = {isa = PBXFileReference; lastKnownFileType = sourcecode.swift; path = ViewController.swift; sourceTree = "<group>"; };
		75CCABCD1C7BCD8F0013F3EC /* Base */ = {isa = PBXFileReference; lastKnownFileType = file.storyboard; name = Base; path = Base.lproj/Main.storyboard; sourceTree = "<group>"; };
		75CCABCF1C7BCD8F0013F3EC /* Assets.xcassets */ = {isa = PBXFileReference; lastKnownFileType = folder.assetcatalog; path = Assets.xcassets; sourceTree = "<group>"; };
		75CCABD21C7BCD8F0013F3EC /* Base */ = {isa = PBXFileReference; lastKnownFileType = file.storyboard; name = Base; path = Base.lproj/LaunchScreen.storyboard; sourceTree = "<group>"; };
		75CCABD41C7BCD8F0013F3EC /* Info.plist */ = {isa = PBXFileReference; lastKnownFileType = text.plist.xml; path = Info.plist; sourceTree = "<group>"; };
/* End PBXFileReference section */

/* Begin PBXFrameworksBuildPhase section */
		75CCABC21C7BCD8E0013F3EC /* Frameworks */ = {
			isa = PBXFrameworksBuildPhase;
			buildActionMask = 2147483647;
			files = (
			);
			runOnlyForDeploymentPostprocessing = 0;
		};
/* End PBXFrameworksBuildPhase section */

/* Begin PBXGroup section */
		75CCABBC1C7BCD8E0013F3EC = {
			isa = PBXGroup;
			children = (
				75CCABC71C7BCD8F0013F3EC /* InstagramFromParse */,
				75CCABC61C7BCD8E0013F3EC /* Products */,
			);
			sourceTree = "<group>";
		};
		75CCABC61C7BCD8E0013F3EC /* Products */ = {
			isa = PBXGroup;
			children = (
				75CCABC51C7BCD8E0013F3EC /* InstagramFromParse.app */,
			);
			name = Products;
			sourceTree = "<group>";
		};
		75CCABC71C7BCD8F0013F3EC /* InstagramFromParse */ = {
			isa = PBXGroup;
			children = (
				75CCABC81C7BCD8F0013F3EC /* AppDelegate.swift */,
				75CCABCA1C7BCD8F0013F3EC /* ViewController.swift */,
				75CCABCC1C7BCD8F0013F3EC /* Main.storyboard */,
				75CCABCF1C7BCD8F0013F3EC /* Assets.xcassets */,
				75CCABD11C7BCD8F0013F3EC /* LaunchScreen.storyboard */,
				75CCABD41C7BCD8F0013F3EC /* Info.plist */,
			);
			path = InstagramFromParse;
			sourceTree = "<group>";
		};
/* End PBXGroup section */

/* Begin PBXNativeTarget section */
		75CCABC41C7BCD8E0013F3EC /* InstagramFromParse */ = {
			isa = PBXNativeTarget;
			buildConfigurationList = 75CCABD71C7BCD8F0013F3EC /* Build configuration list for PBXNativeTarget "InstagramFromParse" */;
			buildPhases = (
				75CCABC11C7BCD8E0013F3EC /* Sources */,
				75CCABC21C7BCD8E0013F3EC /* Frameworks */,
				75CCABC31C7BCD8E0013F3EC /* Resources */,
			);
			buildRules = (
			);
			dependencies = (
			);
			name = InstagramFromParse;
			productName = InstagramFromParse;
			productReference = 75CCABC51C7BCD8E0013F3EC /* InstagramFromParse.app */;
			productType = "com.apple.product-type.application";
		};
/* End PBXNativeTarget section */

/* Begin PBXProject section */
		75CCABBD1C7BCD8E0013F3EC /* Project object */ = {
			isa = PBXProject;
			attributes = {
				LastSwiftUpdateCheck = 0720;
				LastUpgradeCheck = 0720;
				ORGANIZATIONNAME = "Karlygash Zhuginissova";
				TargetAttributes = {
					75CCABC41C7BCD8E0013F3EC = {
						CreatedOnToolsVersion = 7.2.1;
					};
				};
			};
			buildConfigurationList = 75CCABC01C7BCD8E0013F3EC /* Build configuration list for PBXProject "InstagramFromParse" */;
			compatibilityVersion = "Xcode 3.2";
			developmentRegion = English;
			hasScannedForEncodings = 0;
			knownRegions = (
				en,
				Base,
			);
			mainGroup = 75CCABBC1C7BCD8E0013F3EC;
			productRefGroup = 75CCABC61C7BCD8E0013F3EC /* Products */;
			projectDirPath = "";
			projectRoot = "";
			targets = (
				75CCABC41C7BCD8E0013F3EC /* InstagramFromParse */,
			);
		};
/* End PBXProject section */

/* Begin PBXResourcesBuildPhase section */
		75CCABC31C7BCD8E0013F3EC /* Resources */ = {
			isa = PBXResourcesBuildPhase;
			buildActionMask = 2147483647;
			files = (
				75CCABD31C7BCD8F0013F3EC /* LaunchScreen.storyboard in Resources */,
				75CCABD01C7BCD8F0013F3EC /* Assets.xcassets in Resources */,
				75CCABCE1C7BCD8F0013F3EC /* Main.storyboard in Resources */,
			);
			runOnlyForDeploymentPostprocessing = 0;
		};
/* End PBXResourcesBuildPhase section */

/* Begin PBXSourcesBuildPhase section */
		75CCABC11C7BCD8E0013F3EC /* Sources */ = {
			isa = PBXSourcesBuildPhase;
			buildActionMask = 2147483647;
			files = (
				75CCABCB1C7BCD8F0013F3EC /* ViewController.swift in Sources */,
				75CCABC91C7BCD8F0013F3EC /* AppDelegate.swift in Sources */,
			);
			runOnlyForDeploymentPostprocessing = 0;
		};
/* End PBXSourcesBuildPhase section */

/* Begin PBXVariantGroup section */
		75CCABCC1C7BCD8F0013F3EC /* Main.storyboard */ = {
			isa = PBXVariantGroup;
			children = (
				75CCABCD1C7BCD8F0013F3EC /* Base */,
			);
			name = Main.storyboard;
			sourceTree = "<group>";
		};
		75CCABD11C7BCD8F0013F3EC /* LaunchScreen.storyboard */ = {
			isa = PBXVariantGroup;
			children = (
				75CCABD21C7BCD8F0013F3EC /* Base */,
			);
			name = LaunchScreen.storyboard;
			sourceTree = "<group>";
		};
/* End PBXVariantGroup section */

/* Begin XCBuildConfiguration section */
		75CCABD51C7BCD8F0013F3EC /* Debug */ = {
			isa = XCBuildConfiguration;
			buildSettings = {
				ALWAYS_SEARCH_USER_PATHS = NO;
				CLANG_CXX_LANGUAGE_STANDARD = "gnu++0x";
				CLANG_CXX_LIBRARY = "libc++";
				CLANG_ENABLE_MODULES = YES;
				CLANG_ENABLE_OBJC_ARC = YES;
				CLANG_WARN_BOOL_CONVERSION = YES;
				CLANG_WARN_CONSTANT_CONVERSION = YES;
				CLANG_WARN_DIRECT_OBJC_ISA_USAGE = YES_ERROR;
				CLANG_WARN_EMPTY_BODY = YES;
				CLANG_WARN_ENUM_CONVERSION = YES;
				CLANG_WARN_INT_CONVERSION = YES;
				CLANG_WARN_OBJC_ROOT_CLASS = YES_ERROR;
				CLANG_WARN_UNREACHABLE_CODE = YES;
				CLANG_WARN__DUPLICATE_METHOD_MATCH = YES;
				"CODE_SIGN_IDENTITY[sdk=iphoneos*]" = "iPhone Developer";
				COPY_PHASE_STRIP = NO;
				DEBUG_INFORMATION_FORMAT = dwarf;
				ENABLE_STRICT_OBJC_MSGSEND = YES;
				ENABLE_TESTABILITY = YES;
				GCC_C_LANGUAGE_STANDARD = gnu99;
				GCC_DYNAMIC_NO_PIC = NO;
				GCC_NO_COMMON_BLOCKS = YES;
				GCC_OPTIMIZATION_LEVEL = 0;
				GCC_PREPROCESSOR_DEFINITIONS = (
					"DEBUG=1",
					"$(inherited)",
				);
				GCC_WARN_64_TO_32_BIT_CONVERSION = YES;
				GCC_WARN_ABOUT_RETURN_TYPE = YES_ERROR;
				GCC_WARN_UNDECLARED_SELECTOR = YES;
				GCC_WARN_UNINITIALIZED_AUTOS = YES_AGGRESSIVE;
				GCC_WARN_UNUSED_FUNCTION = YES;
				GCC_WARN_UNUSED_VARIABLE = YES;
				IPHONEOS_DEPLOYMENT_TARGET = 9.2;
				MTL_ENABLE_DEBUG_INFO = YES;
				ONLY_ACTIVE_ARCH = YES;
				SDKROOT = iphoneos;
				SWIFT_OPTIMIZATION_LEVEL = "-Onone";
			};
			name = Debug;
		};
		75CCABD61C7BCD8F0013F3EC /* Release */ = {
			isa = XCBuildConfiguration;
			buildSettings = {
				ALWAYS_SEARCH_USER_PATHS = NO;
				CLANG_CXX_LANGUAGE_STANDARD = "gnu++0x";
				CLANG_CXX_LIBRARY = "libc++";
				CLANG_ENABLE_MODULES = YES;
				CLANG_ENABLE_OBJC_ARC = YES;
				CLANG_WARN_BOOL_CONVERSION = YES;
				CLANG_WARN_CONSTANT_CONVERSION = YES;
				CLANG_WARN_DIRECT_OBJC_ISA_USAGE = YES_ERROR;
				CLANG_WARN_EMPTY_BODY = YES;
				CLANG_WARN_ENUM_CONVERSION = YES;
				CLANG_WARN_INT_CONVERSION = YES;
				CLANG_WARN_OBJC_ROOT_CLASS = YES_ERROR;
				CLANG_WARN_UNREACHABLE_CODE = YES;
				CLANG_WARN__DUPLICATE_METHOD_MATCH = YES;
				"CODE_SIGN_IDENTITY[sdk=iphoneos*]" = "iPhone Developer";
				COPY_PHASE_STRIP = NO;
				DEBUG_INFORMATION_FORMAT = "dwarf-with-dsym";
				ENABLE_NS_ASSERTIONS = NO;
				ENABLE_STRICT_OBJC_MSGSEND = YES;
				GCC_C_LANGUAGE_STANDARD = gnu99;
				GCC_NO_COMMON_BLOCKS = YES;
				GCC_WARN_64_TO_32_BIT_CONVERSION = YES;
				GCC_WARN_ABOUT_RETURN_TYPE = YES_ERROR;
				GCC_WARN_UNDECLARED_SELECTOR = YES;
				GCC_WARN_UNINITIALIZED_AUTOS = YES_AGGRESSIVE;
				GCC_WARN_UNUSED_FUNCTION = YES;
				GCC_WARN_UNUSED_VARIABLE = YES;
				IPHONEOS_DEPLOYMENT_TARGET = 9.2;
				MTL_ENABLE_DEBUG_INFO = NO;
				SDKROOT = iphoneos;
				VALIDATE_PRODUCT = YES;
			};
			name = Release;
		};
		75CCABD81C7BCD8F0013F3EC /* Debug */ = {
			isa = XCBuildConfiguration;
			buildSettings = {
				ASSETCATALOG_COMPILER_APPICON_NAME = AppIcon;
				INFOPLIST_FILE = InstagramFromParse/Info.plist;
				LD_RUNPATH_SEARCH_PATHS = "$(inherited) @executable_path/Frameworks";
				PRODUCT_BUNDLE_IDENTIFIER = com.karlygashzhuginissova.InstagramFromParse;
				PRODUCT_NAME = "$(TARGET_NAME)";
			};
			name = Debug;
		};
		75CCABD91C7BCD8F0013F3EC /* Release */ = {
			isa = XCBuildConfiguration;
			buildSettings = {
				ASSETCATALOG_COMPILER_APPICON_NAME = AppIcon;
				INFOPLIST_FILE = InstagramFromParse/Info.plist;
				LD_RUNPATH_SEARCH_PATHS = "$(inherited) @executable_path/Frameworks";
				PRODUCT_BUNDLE_IDENTIFIER = com.karlygashzhuginissova.InstagramFromParse;
				PRODUCT_NAME = "$(TARGET_NAME)";
			};
			name = Release;
		};
/* End XCBuildConfiguration section */

/* Begin XCConfigurationList section */
		75CCABC01C7BCD8E0013F3EC /* Build configuration list for PBXProject "InstagramFromParse" */ = {
			isa = XCConfigurationList;
			buildConfigurations = (
				75CCABD51C7BCD8F0013F3EC /* Debug */,
				75CCABD61C7BCD8F0013F3EC /* Release */,
			);
			defaultConfigurationIsVisible = 0;
			defaultConfigurationName = Release;
		};
		75CCABD71C7BCD8F0013F3EC /* Build configuration list for PBXNativeTarget "InstagramFromParse" */ = {
			isa = XCConfigurationList;
			buildConfigurations = (
				75CCABD81C7BCD8F0013F3EC /* Debug */,
				75CCABD91C7BCD8F0013F3EC /* Release */,
			);
			defaultConfigurationIsVisible = 0;
		};
/* End XCConfigurationList section */
	};
	rootObject = 75CCABBD1C7BCD8E0013F3EC /* Project object */;
}
